
Microsoft Visual Studio Solution File, Format Version 12.00
# Visual Studio Version 16
VisualStudioVersion = 16.0.30523.141
MinimumVisualStudioVersion = 10.0.40219.1
Project("{9A19103F-16F7-4668-BE54-9A1E7A4F7556}") = "Disboard", "Disboard\Disboard.csproj", "{F94C3947-6DF5-4341-807C-2C33F475C3D1}"
EndProject
Project("{9A19103F-16F7-4668-BE54-9A1E7A4F7556}") = "Yacht", "Yacht\Yacht.csproj", "{CE271119-922D-4652-A39D-DD1EFC6C9EE4}"
	ProjectSection(ProjectDependencies) = postProject
		{F94C3947-6DF5-4341-807C-2C33F475C3D1} = {F94C3947-6DF5-4341-807C-2C33F475C3D1}
	EndProjectSection
EndProject
Project("{9A19103F-16F7-4668-BE54-9A1E7A4F7556}") = "Echo", "Echo\Echo.csproj", "{B01C02CB-3DB1-4D43-BD83-AC047C3BCF3C}"
EndProject
Project("{9A19103F-16F7-4668-BE54-9A1E7A4F7556}") = "EchoVisual", "EchoVisual\EchoVisual.csproj", "{5DBF97DC-1235-4F5C-B586-55EE00A227FB}"
EndProject
Project("{9A19103F-16F7-4668-BE54-9A1E7A4F7556}") = "Disgrid", "Disgrid\Disgrid.csproj", "{09483DB5-E9B8-4D0E-912A-863BF1522E64}"
EndProject
Project("{9A19103F-16F7-4668-BE54-9A1E7A4F7556}") = "Xanth", "Xanth\Xanth.csproj", "{ED5E26C3-6DA2-463B-A5FA-6732425B9FD5}"
EndProject
Project("{FAE04EC0-301F-11D3-BF4B-00C04F79EFBC}") = "Vechu", "Vechu\Vechu.csproj", "{8099350C-CA02-4186-B7DF-2A5542A29FA0}"
EndProject
Global
	GlobalSection(SolutionConfigurationPlatforms) = preSolution
		Debug|Any CPU = Debug|Any CPU
		Release|Any CPU = Release|Any CPU
	EndGlobalSection
	GlobalSection(ProjectConfigurationPlatforms) = postSolution
		{F94C3947-6DF5-4341-807C-2C33F475C3D1}.Debug|Any CPU.ActiveCfg = Debug|Any CPU
		{F94C3947-6DF5-4341-807C-2C33F475C3D1}.Debug|Any CPU.Build.0 = Debug|Any CPU
		{F94C3947-6DF5-4341-807C-2C33F475C3D1}.Release|Any CPU.ActiveCfg = Release|Any CPU
		{F94C3947-6DF5-4341-807C-2C33F475C3D1}.Release|Any CPU.Build.0 = Release|Any CPU
		{CE271119-922D-4652-A39D-DD1EFC6C9EE4}.Debug|Any CPU.ActiveCfg = Debug|Any CPU
		{CE271119-922D-4652-A39D-DD1EFC6C9EE4}.Debug|Any CPU.Build.0 = Debug|Any CPU
		{CE271119-922D-4652-A39D-DD1EFC6C9EE4}.Release|Any CPU.ActiveCfg = Release|Any CPU
		{CE271119-922D-4652-A39D-DD1EFC6C9EE4}.Release|Any CPU.Build.0 = Release|Any CPU
		{B01C02CB-3DB1-4D43-BD83-AC047C3BCF3C}.Debug|Any CPU.ActiveCfg = Debug|Any CPU
		{B01C02CB-3DB1-4D43-BD83-AC047C3BCF3C}.Debug|Any CPU.Build.0 = Debug|Any CPU
		{B01C02CB-3DB1-4D43-BD83-AC047C3BCF3C}.Release|Any CPU.ActiveCfg = Release|Any CPU
		{B01C02CB-3DB1-4D43-BD83-AC047C3BCF3C}.Release|Any CPU.Build.0 = Release|Any CPU
		{5DBF97DC-1235-4F5C-B586-55EE00A227FB}.Debug|Any CPU.ActiveCfg = Debug|Any CPU
		{5DBF97DC-1235-4F5C-B586-55EE00A227FB}.Debug|Any CPU.Build.0 = Debug|Any CPU
		{5DBF97DC-1235-4F5C-B586-55EE00A227FB}.Release|Any CPU.ActiveCfg = Release|Any CPU
		{5DBF97DC-1235-4F5C-B586-55EE00A227FB}.Release|Any CPU.Build.0 = Release|Any CPU
		{09483DB5-E9B8-4D0E-912A-863BF1522E64}.Debug|Any CPU.ActiveCfg = Debug|Any CPU
		{09483DB5-E9B8-4D0E-912A-863BF1522E64}.Debug|Any CPU.Build.0 = Debug|Any CPU
		{09483DB5-E9B8-4D0E-912A-863BF1522E64}.Release|Any CPU.ActiveCfg = Release|Any CPU
		{09483DB5-E9B8-4D0E-912A-863BF1522E64}.Release|Any CPU.Build.0 = Release|Any CPU
		{ED5E26C3-6DA2-463B-A5FA-6732425B9FD5}.Debug|Any CPU.ActiveCfg = Debug|Any CPU
		{ED5E26C3-6DA2-463B-A5FA-6732425B9FD5}.Debug|Any CPU.Build.0 = Debug|Any CPU
		{ED5E26C3-6DA2-463B-A5FA-6732425B9FD5}.Release|Any CPU.ActiveCfg = Release|Any CPU
		{ED5E26C3-6DA2-463B-A5FA-6732425B9FD5}.Release|Any CPU.Build.0 = Release|Any CPU
		{8099350C-CA02-4186-B7DF-2A5542A29FA0}.Debug|Any CPU.ActiveCfg = Debug|Any CPU
		{8099350C-CA02-4186-B7DF-2A5542A29FA0}.Debug|Any CPU.Build.0 = Debug|Any CPU
		{8099350C-CA02-4186-B7DF-2A5542A29FA0}.Release|Any CPU.ActiveCfg = Release|Any CPU
		{8099350C-CA02-4186-B7DF-2A5542A29FA0}.Release|Any CPU.Build.0 = Release|Any CPU
	EndGlobalSection
	GlobalSection(SolutionProperties) = preSolution
		HideSolutionNode = FALSE
	EndGlobalSection
	GlobalSection(ExtensibilityGlobals) = postSolution
		SolutionGuid = {3743B08B-A81A-469F-831A-E8182E5F68D2}
	EndGlobalSection
EndGlobal
